
Microsoft Visual Studio Solution File, Format Version 12.00
# Visual Studio Version 16
VisualStudioVersion = 16.0.31321.278
MinimumVisualStudioVersion = 10.0.40219.1
Project("{FAE04EC0-301F-11D3-BF4B-00C04F79EFBC}") = "gitapp", "gitapp\gitapp.csproj", "{A918CAE2-B9E8-41BB-BFA1-FEEE44352883}"
EndProject
Global
	GlobalSection(SolutionConfigurationPlatforms) = preSolution
		Debug|Any CPU = Debug|Any CPU
		Release|Any CPU = Release|Any CPU
	EndGlobalSection
	GlobalSection(ProjectConfigurationPlatforms) = postSolution
		{A918CAE2-B9E8-41BB-BFA1-FEEE44352883}.Debug|Any CPU.ActiveCfg = Debug|Any CPU
		{A918CAE2-B9E8-41BB-BFA1-FEEE44352883}.Debug|Any CPU.Build.0 = Debug|Any CPU
		{A918CAE2-B9E8-41BB-BFA1-FEEE44352883}.Release|Any CPU.ActiveCfg = Release|Any CPU
		{A918CAE2-B9E8-41BB-BFA1-FEEE44352883}.Release|Any CPU.Build.0 = Release|Any CPU
	EndGlobalSection
	GlobalSection(SolutionProperties) = preSolution
		HideSolutionNode = FALSE
	EndGlobalSection
	GlobalSection(ExtensibilityGlobals) = postSolution
		SolutionGuid = {D6B52724-E323-4ECF-A523-588D64EE02EB}
	EndGlobalSection
EndGlobal
